github.com/Antonboom/errname v1.1.1 h1:bllB7mlIbTVzO9jmSWVWLjxTEbGBVQ1Ff/ClQgtPw9Q=
github.com/Antonboom/errname v1.1.1/go.mod h1:gjhe24xoxXp0ScLtHzjiXp0Exi1RFLKJb0bVBtWKCWQ=
github.com/geoffgarside/ber v1.1.0 h1:qTmFG4jJbwiSzSXoNJeHcOprVzZ8Ulde2Rrrifu5U9w=
github.com/geoffgarside/ber v1.1.0/go.mod h1:jVPKeCbj6MvQZhwLYsGwaGI52oUorHoHKNecGT85ZCc=
github.com/google/go-cmp v0.6.0/go.mod h1:17dUlkBOakJ0+DkrSSNjCkIjxS6bF9zb3elmeNGIjoY=
github.com/google/go-cmp v0.7.0 h1:wk8382ETsv4JYUZwIsn6YpYiWiBsYLSJiTsyBybVuN8=
github.com/google/go-cmp v0.7.0/go.mod h1:pXiqmnSA92OHEEa9HXL2W4E7lf9JzCmGVUdgjX3N/iU=
github.com/hirochachacha/go-smb2 v1.1.0 h1:b6hs9qKIql9eVXAiN0M2wSFY5xnhbHAQoCwRKbaRTZI=
github.com/hirochachacha/go-smb2 v1.1.0/go.mod h1:8F1A4d5EZzrGu5R7PU163UcMRDJQl4FtcxjBfsY8TZE=
github.com/kisielk/errcheck v1.9.0 h1:9xt1zI9EBfcYBvdU1nVrzMzzUPUtPKs9bVSIM3TAb3M=
github.com/kisielk/errcheck v1.9.0/go.mod h1:kQxWMMVZgIkDq7U8xtG/n2juOjbLgZtedi0D+/VL/i8=
golang.org/x/crypto v0.0.0-20190308221718-c2843e01d9a2/go.mod h1:djNgcEr1/C05ACkg1iLfiJU5Ep61QUkGW8qpdssI0+w=
golang.org/x/crypto v0.0.0-20200728195943-123391ffb6de/go.mod h1:LzIPMQfyMNhhGPhUkYOs5KpL4U8rLKemX1yGLhDgUto=
golang.org/x/crypto v0.41.0 h1:WKYxWedPGCTVVl5+WHSSrOBT0O8lx32+zxmHxijgXp4=
golang.org/x/crypto v0.41.0/go.mod h1:pO5AFd7FA68rFak7rOAGVuygIISepHftHnr8dr6+sUc=
golang.org/x/mod v0.30.0 h1:fDEXFVZ/fmCKProc/yAXXUijritrDzahmwwefnjoPFk=
golang.org/x/mod v0.30.0/go.mod h1:lAsf5O2EvJeSFMiBxXDki7sCgAxEUcZHXoXMKT4GJKc=
golang.org/x/net v0.0.0-20190404232315-eb5bcb51f2a3/go.mod h1:t9HGtf8HONx5eT2rtn7q6eTqICYqUVnKs3thJo3Qplg=
golang.org/x/sync v0.18.0 h1:kr88TuHDroi+UVf+0hZnirlk8o8T+4MrK6mr60WkH/I=
golang.org/x/sync v0.18.0/go.mod h1:9KTHXmSnoGruLpwFjVSX0lNNA75CykiMECbovNTZqGI=
golang.org/x/sys v0.0.0-20190215142949-d0b11bdaac8a/go.mod h1:STP8DvDyc/dI5b8T5hshtkjS+E42TnysNCUPdjciGhY=
golang.org/x/sys v0.0.0-20190412213103-97732733099d/go.mod h1:h1NjWce9XRLGQEsW7wpKNCjG9DtNlClVuFLEZdDNbEs=
golang.org/x/sys v0.38.0 h1:3yZWxaJjBmCWXqhN1qh02AkOnCQ1poK6oF+a7xWL6Gc=
golang.org/x/sys v0.38.0/go.mod h1:OgkHotnGiDImocRcuBABYBEXf8A9a87e/uXjp9XT3ks=
golang.org/x/telemetry v0.0.0-20251111182119-bc8e575c7b54 h1:E2/AqCUMZGgd73TQkxUMcMla25GB9i/5HOdLr+uH7Vo=
golang.org/x/telemetry v0.0.0-20251111182119-bc8e575c7b54/go.mod h1:hKdjCMrbv9skySur+Nek8Hd0uJ0GuxJIoIX2payrIdQ=
golang.org/x/text v0.3.0/go.mod h1:NqM8EUOU14njkJ3fqMW+pc6Ldnwhi/IjpwHt7yyuwOQ=
golang.org/x/tools v0.39.0 h1:ik4ho21kwuQln40uelmciQPp9SipgNDdrafrYA4TmQQ=
golang.org/x/tools v0.39.0/go.mod h1:JnefbkDPyD8UU2kI5fuf8ZX4/yUeh9W877ZeBONxUqQ=
lesiw.io/checker v0.11.0 h1:CiLYOm4cwmlEjGpwOp+WQmu2tkNBLUSjqpnyrg2nrGs=
lesiw.io/checker v0.11.0/go.mod h1:uvr+kFdLGMgvfEdQAg/nB6hpO7hvQSnlnOgjDWMxI9s=
lesiw.io/ctrctl v0.14.0 h1:Qmg5EBrM5mGDgwscebDztrKwJkqidSIvUpgaaVZF1gg=
lesiw.io/ctrctl v0.14.0/go.mod h1:qhIy8Yy6hV37ee8ASHtAuLL4YeIaWMtcQnA2jV+FFlQ=
lesiw.io/defers v0.9.0 h1:Sg7RYbhxfHhXMHclO65MJ4oRbyhfSBSeHQw4YjLr6n0=
lesiw.io/defers v0.9.0/go.mod h1:AP09yGFHxL5vmTVJxkPL33N1hWI4OzHwTEOzilbDZU4=
lesiw.io/errcheck v1.0.0 h1:jVwNVL8YfjXY3xCJ7byHn+s8MwlvxqsuDjV4406Euo8=
lesiw.io/errcheck v1.0.0/go.mod h1:iKZxbcdSpC2cYZ+Pyp/7fEbsvgEHdEqECi0Yb/GkA2g=
lesiw.io/linelen v0.1.0 h1:YtFWgVlRut+848fFm5QyaosT8yeWWaCrtPv2yv+Fdok=
lesiw.io/linelen v0.1.0/go.mod h1:TMvjWQMDdWx115k4DTtDj+JJFp3ZYsJZPhOg1goA7Jc=
lesiw.io/plscheck v0.20.0 h1:vhTXPTr8n1HsTvEWOky0ya1ZI0bfNNGNInxUeEtozmc=
lesiw.io/plscheck v0.20.0/go.mod h1:ETr4dgHsxf0ZUmsdZtnklIiF39TjNdBThJLa5ClxZQg=
lesiw.io/tidytypes v0.1.0 h1:FeZH+pWVbHDknjwiuNVQqfR20uqV5K8KPEZIwb9jsQY=
lesiw.io/tidytypes v0.1.0/go.mod h1:hGTVOLNDH5+v38vTBQEy1FoHrcJpbMw0IVLKd2/0L5E=
