github.com/Antonboom/errname v1.1.1 h1:bllB7mlIbTVzO9jmSWVWLjxTEbGBVQ1Ff/ClQgtPw9Q=
github.com/Antonboom/errname v1.1.1/go.mod h1:gjhe24xoxXp0ScLtHzjiXp0Exi1RFLKJb0bVBtWKCWQ=
github.com/google/go-cmp v0.6.0/go.mod h1:17dUlkBOakJ0+DkrSSNjCkIjxS6bF9zb3elmeNGIjoY=
github.com/google/go-cmp v0.7.0 h1:wk8382ETsv4JYUZwIsn6YpYiWiBsYLSJiTsyBybVuN8=
github.com/google/go-cmp v0.7.0/go.mod h1:pXiqmnSA92OHEEa9HXL2W4E7lf9JzCmGVUdgjX3N/iU=
github.com/kisielk/errcheck v1.9.0 h1:9xt1zI9EBfcYBvdU1nVrzMzzUPUtPKs9bVSIM3TAb3M=
github.com/kisielk/errcheck v1.9.0/go.mod h1:kQxWMMVZgIkDq7U8xtG/n2juOjbLgZtedi0D+/VL/i8=
github.com/studio-b12/gowebdav v0.11.0 h1:qbQzq4USxY28ZYsGJUfO5jR+xkFtcnwWgitp4Zp1irU=
github.com/studio-b12/gowebdav v0.11.0/go.mod h1:bHA7t77X/QFExdeAnDzK6vKM34kEZAcE1OX4MfiwjkE=
golang.org/x/mod v0.29.0 h1:HV8lRxZC4l2cr3Zq1LvtOsi/ThTgWnUk/y64QSs8GwA=
golang.org/x/mod v0.29.0/go.mod h1:NyhrlYXJ2H4eJiRy/WDBO6HMqZQ6q9nk4JzS3NuCK+w=
golang.org/x/net v0.46.0 h1:giFlY12I07fugqwPuWJi68oOnpfqFnJIJzaIIm2JVV4=
golang.org/x/net v0.46.0/go.mod h1:Q9BGdFy1y4nkUwiLvT5qtyhAnEHgnQ/zd8PfU6nc210=
golang.org/x/sync v0.17.0 h1:l60nONMj9l5drqw6jlhIELNv9I0A4OFgRsG9k2oT9Ug=
golang.org/x/sync v0.17.0/go.mod h1:9KTHXmSnoGruLpwFjVSX0lNNA75CykiMECbovNTZqGI=
golang.org/x/sys v0.37.0 h1:fdNQudmxPjkdUTPnLn5mdQv7Zwvbvpaxqs831goi9kQ=
golang.org/x/sys v0.37.0/go.mod h1:OgkHotnGiDImocRcuBABYBEXf8A9a87e/uXjp9XT3ks=
golang.org/x/telemetry v0.0.0-20251008203120-078029d740a8 h1:LvzTn0GQhWuvKH/kVRS3R3bVAsdQWI7hvfLHGgh9+lU=
golang.org/x/telemetry v0.0.0-20251008203120-078029d740a8/go.mod h1:Pi4ztBfryZoJEkyFTI5/Ocsu2jXyDr6iSdgJiYE/uwE=
golang.org/x/tools v0.38.0 h1:Hx2Xv8hISq8Lm16jvBZ2VQf+RLmbd7wVUsALibYI/IQ=
golang.org/x/tools v0.38.0/go.mod h1:yEsQ/d/YK8cjh0L6rZlY8tgtlKiBNTL14pGDJPJpYQs=
lesiw.io/checker v0.11.0 h1:CiLYOm4cwmlEjGpwOp+WQmu2tkNBLUSjqpnyrg2nrGs=
lesiw.io/checker v0.11.0/go.mod h1:uvr+kFdLGMgvfEdQAg/nB6hpO7hvQSnlnOgjDWMxI9s=
lesiw.io/ctrctl v0.14.0 h1:Qmg5EBrM5mGDgwscebDztrKwJkqidSIvUpgaaVZF1gg=
lesiw.io/ctrctl v0.14.0/go.mod h1:qhIy8Yy6hV37ee8ASHtAuLL4YeIaWMtcQnA2jV+FFlQ=
lesiw.io/defers v0.9.0 h1:Sg7RYbhxfHhXMHclO65MJ4oRbyhfSBSeHQw4YjLr6n0=
lesiw.io/defers v0.9.0/go.mod h1:AP09yGFHxL5vmTVJxkPL33N1hWI4OzHwTEOzilbDZU4=
lesiw.io/errcheck v1.0.0 h1:jVwNVL8YfjXY3xCJ7byHn+s8MwlvxqsuDjV4406Euo8=
lesiw.io/errcheck v1.0.0/go.mod h1:iKZxbcdSpC2cYZ+Pyp/7fEbsvgEHdEqECi0Yb/GkA2g=
lesiw.io/linelen v0.1.0 h1:YtFWgVlRut+848fFm5QyaosT8yeWWaCrtPv2yv+Fdok=
lesiw.io/linelen v0.1.0/go.mod h1:TMvjWQMDdWx115k4DTtDj+JJFp3ZYsJZPhOg1goA7Jc=
lesiw.io/plscheck v0.20.0 h1:vhTXPTr8n1HsTvEWOky0ya1ZI0bfNNGNInxUeEtozmc=
lesiw.io/plscheck v0.20.0/go.mod h1:ETr4dgHsxf0ZUmsdZtnklIiF39TjNdBThJLa5ClxZQg=
lesiw.io/tidytypes v0.1.0 h1:FeZH+pWVbHDknjwiuNVQqfR20uqV5K8KPEZIwb9jsQY=
lesiw.io/tidytypes v0.1.0/go.mod h1:hGTVOLNDH5+v38vTBQEy1FoHrcJpbMw0IVLKd2/0L5E=
